dependencies:
- name: redis
  repository: oci://registry-1.docker.io/bitnamicharts
  version: 17.11.3
- name: mongodb
  repository: oci://registry-1.docker.io/bitnamicharts
  version: 13.14.1
- name: common
  repository: oci://registry-1.docker.io/bitnamicharts
  version: 2.4.0
- name: localstack
  repository: https://localstack.github.io/helm-charts
  version: 0.4.3
digest: sha256:3827f00fe431567b87e2e221cc49984902847cde9d19d44fd2633bc7eae8caa9
generated: "2023-05-23T16:38:00.454934+02:00"
